
Microsoft Visual Studio Solution File, Format Version 12.00
# Visual Studio Version 17
VisualStudioVersion = 17.5.002.0
MinimumVisualStudioVersion = 10.0.40219.1
Project("{9A19103F-16F7-4668-BE54-9A1E7A4F7556}") = "KafkaSharp", "KafkaSharp\KafkaSharp.csproj", "{B6FCAFD4-B1DB-4FA2-8E67-8102482CBDCF}"
EndProject
Project("{9A19103F-16F7-4668-BE54-9A1E7A4F7556}") = "KafkaSharpTests", "KafkaSharpTests\KafkaSharpTests.csproj", "{39DE268E-67C4-4EC2-BCBD-99BDC587C706}"
EndProject
Global
	GlobalSection(SolutionConfigurationPlatforms) = preSolution
		Debug|Any CPU = Debug|Any CPU
		Release|Any CPU = Release|Any CPU
	EndGlobalSection
	GlobalSection(ProjectConfigurationPlatforms) = postSolution
		{B6FCAFD4-B1DB-4FA2-8E67-8102482CBDCF}.Debug|Any CPU.ActiveCfg = Debug|Any CPU
		{B6FCAFD4-B1DB-4FA2-8E67-8102482CBDCF}.Debug|Any CPU.Build.0 = Debug|Any CPU
		{B6FCAFD4-B1DB-4FA2-8E67-8102482CBDCF}.Release|Any CPU.ActiveCfg = Release|Any CPU
		{B6FCAFD4-B1DB-4FA2-8E67-8102482CBDCF}.Release|Any CPU.Build.0 = Release|Any CPU
		{39DE268E-67C4-4EC2-BCBD-99BDC587C706}.Debug|Any CPU.ActiveCfg = Debug|Any CPU
		{39DE268E-67C4-4EC2-BCBD-99BDC587C706}.Debug|Any CPU.Build.0 = Debug|Any CPU
		{39DE268E-67C4-4EC2-BCBD-99BDC587C706}.Release|Any CPU.ActiveCfg = Release|Any CPU
		{39DE268E-67C4-4EC2-BCBD-99BDC587C706}.Release|Any CPU.Build.0 = Release|Any CPU
	EndGlobalSection
	GlobalSection(SolutionProperties) = preSolution
		HideSolutionNode = FALSE
	EndGlobalSection
	GlobalSection(ExtensibilityGlobals) = postSolution
		SolutionGuid = {6C9EC68D-B7E6-49BF-B2B2-2B3014C88F7F}
	EndGlobalSection
EndGlobal
